
Microsoft Visual Studio Solution File, Format Version 12.00
# Visual Studio 15
VisualStudioVersion = 15.0.27004.2002
MinimumVisualStudioVersion = 10.0.40219.1
Project("{FAE04EC0-301F-11D3-BF4B-00C04F79EFBC}") = "SacramentMeetingPlanner", "SacramentMeetingPlanner\SacramentMeetingPlanner.csproj", "{CA17E764-990B-458B-85B4-8EA038B2D64E}"
EndProject
Global
	GlobalSection(SolutionConfigurationPlatforms) = preSolution
		Debug|Any CPU = Debug|Any CPU
		Release|Any CPU = Release|Any CPU
	EndGlobalSection
	GlobalSection(ProjectConfigurationPlatforms) = postSolution
		{CA17E764-990B-458B-85B4-8EA038B2D64E}.Debug|Any CPU.ActiveCfg = Debug|Any CPU
		{CA17E764-990B-458B-85B4-8EA038B2D64E}.Debug|Any CPU.Build.0 = Debug|Any CPU
		{CA17E764-990B-458B-85B4-8EA038B2D64E}.Release|Any CPU.ActiveCfg = Release|Any CPU
		{CA17E764-990B-458B-85B4-8EA038B2D64E}.Release|Any CPU.Build.0 = Release|Any CPU
	EndGlobalSection
	GlobalSection(SolutionProperties) = preSolution
		HideSolutionNode = FALSE
	EndGlobalSection
	GlobalSection(ExtensibilityGlobals) = postSolution
		SolutionGuid = {9810BD4E-BB2E-4766-9B3E-6F01BE664681}
	EndGlobalSection
EndGlobal
